
Microsoft Visual Studio Solution File, Format Version 12.00
# Visual Studio Version 17
VisualStudioVersion = 17.2.32519.379
MinimumVisualStudioVersion = 10.0.40219.1
Project("{FAE04EC0-301F-11D3-BF4B-00C04F79EFBC}") = "ARVA", "ARVA\ARVA.csproj", "{D00C60B3-FE6D-48F8-A280-3039EB784D7B}"
EndProject
Global
	GlobalSection(SolutionConfigurationPlatforms) = preSolution
		Debug|Any CPU = Debug|Any CPU
		Release|Any CPU = Release|Any CPU
	EndGlobalSection
	GlobalSection(ProjectConfigurationPlatforms) = postSolution
		{D00C60B3-FE6D-48F8-A280-3039EB784D7B}.Debug|Any CPU.ActiveCfg = Debug|Any CPU
		{D00C60B3-FE6D-48F8-A280-3039EB784D7B}.Debug|Any CPU.Build.0 = Debug|Any CPU
		{D00C60B3-FE6D-48F8-A280-3039EB784D7B}.Release|Any CPU.ActiveCfg = Release|Any CPU
		{D00C60B3-FE6D-48F8-A280-3039EB784D7B}.Release|Any CPU.Build.0 = Release|Any CPU
	EndGlobalSection
	GlobalSection(SolutionProperties) = preSolution
		HideSolutionNode = FALSE
	EndGlobalSection
	GlobalSection(ExtensibilityGlobals) = postSolution
		SolutionGuid = {C4EB5F74-76B8-4758-A6CC-02B4446F3DF6}
	EndGlobalSection
EndGlobal
